{
  "name": "nbbs",
  "version": "1.0.0",
  "lockfileVersion": 1,
  "requires": true,
  "dependencies": {
    "ansi-escape-sequences": {
      "version": "2.2.2",
      "resolved": "https://registry.npmjs.org/ansi-escape-sequences/-/ansi-escape-sequences-2.2.2.tgz",
      "integrity": "sha1-F0x41vi33nX4lXroHH9yIQxwFjU=",
      "requires": {
        "array-back": "^1.0.2",
        "collect-all": "~0.2.1"
      }
    },
    "array-back": {
      "version": "1.0.4",
      "resolved": "https://registry.npmjs.org/array-back/-/array-back-1.0.4.tgz",
      "integrity": "sha1-ZEun8JX3/898Q7Xw3DnTwfA8Bjs=",
      "requires": {
        "typical": "^2.6.0"
      }
    },
    "collect-all": {
      "version": "0.2.1",
      "resolved": "https://registry.npmjs.org/collect-all/-/collect-all-0.2.1.tgz",
      "integrity": "sha1-ciX7RYXCLU/6yIbwq69avFY6Gmo=",
      "requires": {
        "stream-connect": "^1.0.1",
        "stream-via": "~0.1.0",
        "typical": "^2.3.0"
      }
    },
    "stream-connect": {
      "version": "1.0.2",
      "resolved": "https://registry.npmjs.org/stream-connect/-/stream-connect-1.0.2.tgz",
      "integrity": "sha1-GLyB8u2zW4tdmoAJIAqYUxRCipc=",
      "requires": {
        "array-back": "^1.0.2"
      }
    },
    "stream-via": {
      "version": "0.1.1",
      "resolved": "https://registry.npmjs.org/stream-via/-/stream-via-0.1.1.tgz",
      "integrity": "sha1-DO5d+clZ+x0/TtpIGfKJ1fkgWvw="
    },
    "typical": {
      "version": "2.6.1",
      "resolved": "https://registry.npmjs.org/typical/-/typical-2.6.1.tgz",
      "integrity": "sha1-XAgOXWYcu+OCWdLnCjxyU+hziB0="
    }
  }
}
